// !$*UTF8*$!
{
	archiveVersion = 1;
	classes = {
	};
	objectVersion = 50;
	objects = {

/* Begin PBXBuildFile section */
		D44087FE253D2DD1009713A3 /* wxmApp.hpp in Resources */ = {isa = PBXBuildFile; fileRef = D44087FD253D2DD1009713A3 /* wxmApp.hpp */; };
		D4408800253D2DD1009713A3 /* wxmApp.cpp in Sources */ = {isa = PBXBuildFile; fileRef = D44087FF253D2DD1009713A3 /* wxmApp.cpp */; };
		D4408802253D2DD1009713A3 /* wxmView.hpp in Resources */ = {isa = PBXBuildFile; fileRef = D4408801253D2DD1009713A3 /* wxmView.hpp */; };
		D4408804253D2DD1009713A3 /* wxmView.cpp in Sources */ = {isa = PBXBuildFile; fileRef = D4408803253D2DD1009713A3 /* wxmView.cpp */; };
		D4408806253D2DD1009713A3 /* main.cpp in Sources */ = {isa = PBXBuildFile; fileRef = D4408805253D2DD1009713A3 /* main.cpp */; };
/* End PBXBuildFile section */

/* Begin PBXCopyFilesBuildPhase section */
		D44087F8253D2DD1009713A3 /* CopyFiles */ = {
			isa = PBXCopyFilesBuildPhase;
			buildActionMask = 2147483647;
			dstPath = /;
			dstSubfolderSpec = 0;
			files = (
			);
			runOnlyForDeploymentPostprocessing = 0;
		};
/* End PBXCopyFilesBuildPhase section */

/* Begin PBXFileReference section */
		D44087FA253D2DD1009713A3 /* DateTime.app */ = {isa = PBXFileReference; explicitFileType = wrapper.application; includeInIndex = 0; path = DateTime.app; sourceTree = BUILT_PRODUCTS_DIR; };
		D44087FD253D2DD1009713A3 /* wxmApp.hpp */ = {isa = PBXFileReference; lastKnownFileType = sourcecode.cpp.h; path = wxmApp.hpp; sourceTree = "<group>"; };
		D44087FF253D2DD1009713A3 /* wxmApp.cpp */ = {isa = PBXFileReference; lastKnownFileType = sourcecode.cpp.cpp; path = wxmApp.cpp; sourceTree = "<group>"; };
		D4408801253D2DD1009713A3 /* wxmView.hpp */ = {isa = PBXFileReference; lastKnownFileType = sourcecode.cpp.h; path = wxmView.hpp; sourceTree = "<group>"; };
		D4408803253D2DD1009713A3 /* wxmView.cpp */ = {isa = PBXFileReference; lastKnownFileType = sourcecode.cpp.cpp; path = wxmView.cpp; sourceTree = "<group>"; };
		D4408805253D2DD1009713A3 /* main.cpp */ = {isa = PBXFileReference; lastKnownFileType = sourcecode.cpp.cpp; path = main.cpp; sourceTree = "<group>"; };
		D4408807253D2DD1009713A3 /* Info.plist */ = {isa = PBXFileReference; lastKnownFileType = text.plist.xml; path = Info.plist; sourceTree = "<group>"; };
/* End PBXFileReference section */

/* Begin PBXFrameworksBuildPhase section */
		D44087F6253D2DD1009713A3 /* Frameworks */ = {
			isa = PBXFrameworksBuildPhase;
			buildActionMask = 2147483647;
			files = (
			);
			runOnlyForDeploymentPostprocessing = 0;
		};
/* End PBXFrameworksBuildPhase section */

/* Begin PBXGroup section */
		D44087F0253D2DD1009713A3 = {
			isa = PBXGroup;
			children = (
				D44087FC253D2DD1009713A3 /* DateTime */,
				D44087FB253D2DD1009713A3 /* Products */,
			);
			sourceTree = "<group>";
		};
		D44087FB253D2DD1009713A3 /* Products */ = {
			isa = PBXGroup;
			children = (
				D44087FA253D2DD1009713A3 /* DateTime.app */,
			);
			name = Products;
			sourceTree = "<group>";
		};
		D44087FC253D2DD1009713A3 /* DateTime */ = {
			isa = PBXGroup;
			children = (
				D44087FD253D2DD1009713A3 /* wxmApp.hpp */,
				D44087FF253D2DD1009713A3 /* wxmApp.cpp */,
				D4408801253D2DD1009713A3 /* wxmView.hpp */,
				D4408803253D2DD1009713A3 /* wxmView.cpp */,
				D4408805253D2DD1009713A3 /* main.cpp */,
				D4408807253D2DD1009713A3 /* Info.plist */,
			);
			path = DateTime;
			sourceTree = "<group>";
		};
/* End PBXGroup section */

/* Begin PBXNativeTarget section */
		D44087F9253D2DD1009713A3 /* DateTime */ = {
			isa = PBXNativeTarget;
			buildConfigurationList = D440880A253D2DD1009713A3 /* Build configuration list for PBXNativeTarget "DateTime" */;
			buildPhases = (
				D44087F5253D2DD1009713A3 /* Sources */,
				D44087F6253D2DD1009713A3 /* Frameworks */,
				D44087F7253D2DD1009713A3 /* Resources */,
				D44087F8253D2DD1009713A3 /* CopyFiles */,
			);
			buildRules = (
			);
			dependencies = (
			);
			name = DateTime;
			productName = DateTime;
			productReference = D44087FA253D2DD1009713A3 /* DateTime.app */;
			productType = "com.apple.product-type.application";
		};
/* End PBXNativeTarget section */

/* Begin PBXProject section */
		D44087F1253D2DD1009713A3 /* Project object */ = {
			isa = PBXProject;
			attributes = {
				LastUpgradeCheck = 1200;
				TargetAttributes = {
					D44087F9253D2DD1009713A3 = {
						CreatedOnToolsVersion = 12.0.1;
					};
				};
			};
			buildConfigurationList = D44087F4253D2DD1009713A3 /* Build configuration list for PBXProject "DateTime" */;
			compatibilityVersion = "Xcode 9.3";
			developmentRegion = en;
			hasScannedForEncodings = 0;
			knownRegions = (
				en,
				Base,
			);
			mainGroup = D44087F0253D2DD1009713A3;
			productRefGroup = D44087FB253D2DD1009713A3 /* Products */;
			projectDirPath = "";
			projectRoot = "";
			targets = (
				D44087F9253D2DD1009713A3 /* DateTime */,
			);
		};
/* End PBXProject section */

/* Begin PBXResourcesBuildPhase section */
		D44087F7253D2DD1009713A3 /* Resources */ = {
			isa = PBXResourcesBuildPhase;
			buildActionMask = 2147483647;
			files = (
				D4408802253D2DD1009713A3 /* wxmView.hpp in Resources */,
				D44087FE253D2DD1009713A3 /* wxmApp.hpp in Resources */,
			);
			runOnlyForDeploymentPostprocessing = 0;
		};
/* End PBXResourcesBuildPhase section */

/* Begin PBXSourcesBuildPhase section */
		D44087F5253D2DD1009713A3 /* Sources */ = {
			isa = PBXSourcesBuildPhase;
			buildActionMask = 2147483647;
			files = (
				D4408800253D2DD1009713A3 /* wxmApp.cpp in Sources */,
				D4408804253D2DD1009713A3 /* wxmView.cpp in Sources */,
				D4408806253D2DD1009713A3 /* main.cpp in Sources */,
			);
			runOnlyForDeploymentPostprocessing = 0;
		};
/* End PBXSourcesBuildPhase section */

/* Begin XCBuildConfiguration section */
		D4408808253D2DD1009713A3 /* Debug */ = {
			isa = XCBuildConfiguration;
			buildSettings = {
				ALWAYS_SEARCH_USER_PATHS = NO;
				CLANG_ANALYZER_NONNULL = YES;
				CLANG_ANALYZER_NUMBER_OBJECT_CONVERSION = YES_AGGRESSIVE;
				CLANG_CXX_LANGUAGE_STANDARD = "gnu++14";
				CLANG_CXX_LIBRARY = "libc++";
				CLANG_ENABLE_MODULES = YES;
				CLANG_ENABLE_OBJC_ARC = YES;
				CLANG_ENABLE_OBJC_WEAK = YES;
				CLANG_WARN_BLOCK_CAPTURE_AUTORELEASING = YES;
				CLANG_WARN_BOOL_CONVERSION = YES;
				CLANG_WARN_COMMA = YES;
				CLANG_WARN_CONSTANT_CONVERSION = YES;
				CLANG_WARN_DEPRECATED_OBJC_IMPLEMENTATIONS = YES;
				CLANG_WARN_DIRECT_OBJC_ISA_USAGE = YES_ERROR;
				CLANG_WARN_DOCUMENTATION_COMMENTS = YES;
				CLANG_WARN_EMPTY_BODY = YES;
				CLANG_WARN_ENUM_CONVERSION = YES;
				CLANG_WARN_INFINITE_RECURSION = YES;
				CLANG_WARN_INT_CONVERSION = YES;
				CLANG_WARN_NON_LITERAL_NULL_CONVERSION = YES;
				CLANG_WARN_OBJC_IMPLICIT_RETAIN_SELF = YES;
				CLANG_WARN_OBJC_LITERAL_CONVERSION = YES;
				CLANG_WARN_OBJC_ROOT_CLASS = YES_ERROR;
				CLANG_WARN_QUOTED_INCLUDE_IN_FRAMEWORK_HEADER = YES;
				CLANG_WARN_RANGE_LOOP_ANALYSIS = YES;
				CLANG_WARN_STRICT_PROTOTYPES = YES;
				CLANG_WARN_SUSPICIOUS_MOVE = YES;
				CLANG_WARN_UNGUARDED_AVAILABILITY = YES_AGGRESSIVE;
				CLANG_WARN_UNREACHABLE_CODE = YES;
				CLANG_WARN__DUPLICATE_METHOD_MATCH = YES;
				COPY_PHASE_STRIP = NO;
				DEBUG_INFORMATION_FORMAT = dwarf;
				ENABLE_STRICT_OBJC_MSGSEND = YES;
				ENABLE_TESTABILITY = YES;
				GCC_C_LANGUAGE_STANDARD = gnu11;
				GCC_DYNAMIC_NO_PIC = NO;
				GCC_NO_COMMON_BLOCKS = YES;
				GCC_OPTIMIZATION_LEVEL = 0;
				GCC_PREPROCESSOR_DEFINITIONS = (
					"DEBUG=1",
					"$(inherited)",
				);
				GCC_WARN_64_TO_32_BIT_CONVERSION = YES;
				GCC_WARN_ABOUT_RETURN_TYPE = YES_ERROR;
				GCC_WARN_UNDECLARED_SELECTOR = YES;
				GCC_WARN_UNINITIALIZED_AUTOS = YES_AGGRESSIVE;
				GCC_WARN_UNUSED_FUNCTION = YES;
				GCC_WARN_UNUSED_VARIABLE = YES;
				MTL_ENABLE_DEBUG_INFO = INCLUDE_SOURCE;
				MTL_FAST_MATH = YES;
				ONLY_ACTIVE_ARCH = YES;
			};
			name = Debug;
		};
		D4408809253D2DD1009713A3 /* Release */ = {
			isa = XCBuildConfiguration;
			buildSettings = {
				ALWAYS_SEARCH_USER_PATHS = NO;
				CLANG_ANALYZER_NONNULL = YES;
				CLANG_ANALYZER_NUMBER_OBJECT_CONVERSION = YES_AGGRESSIVE;
				CLANG_CXX_LANGUAGE_STANDARD = "gnu++14";
				CLANG_CXX_LIBRARY = "libc++";
				CLANG_ENABLE_MODULES = YES;
				CLANG_ENABLE_OBJC_ARC = YES;
				CLANG_ENABLE_OBJC_WEAK = YES;
				CLANG_WARN_BLOCK_CAPTURE_AUTORELEASING = YES;
				CLANG_WARN_BOOL_CONVERSION = YES;
				CLANG_WARN_COMMA = YES;
				CLANG_WARN_CONSTANT_CONVERSION = YES;
				CLANG_WARN_DEPRECATED_OBJC_IMPLEMENTATIONS = YES;
				CLANG_WARN_DIRECT_OBJC_ISA_USAGE = YES_ERROR;
				CLANG_WARN_DOCUMENTATION_COMMENTS = YES;
				CLANG_WARN_EMPTY_BODY = YES;
				CLANG_WARN_ENUM_CONVERSION = YES;
				CLANG_WARN_INFINITE_RECURSION = YES;
				CLANG_WARN_INT_CONVERSION = YES;
				CLANG_WARN_NON_LITERAL_NULL_CONVERSION = YES;
				CLANG_WARN_OBJC_IMPLICIT_RETAIN_SELF = YES;
				CLANG_WARN_OBJC_LITERAL_CONVERSION = YES;
				CLANG_WARN_OBJC_ROOT_CLASS = YES_ERROR;
				CLANG_WARN_QUOTED_INCLUDE_IN_FRAMEWORK_HEADER = YES;
				CLANG_WARN_RANGE_LOOP_ANALYSIS = YES;
				CLANG_WARN_STRICT_PROTOTYPES = YES;
				CLANG_WARN_SUSPICIOUS_MOVE = YES;
				CLANG_WARN_UNGUARDED_AVAILABILITY = YES_AGGRESSIVE;
				CLANG_WARN_UNREACHABLE_CODE = YES;
				CLANG_WARN__DUPLICATE_METHOD_MATCH = YES;
				COPY_PHASE_STRIP = NO;
				DEBUG_INFORMATION_FORMAT = "dwarf-with-dsym";
				ENABLE_NS_ASSERTIONS = NO;
				ENABLE_STRICT_OBJC_MSGSEND = YES;
				GCC_C_LANGUAGE_STANDARD = gnu11;
				GCC_NO_COMMON_BLOCKS = YES;
				GCC_WARN_64_TO_32_BIT_CONVERSION = YES;
				GCC_WARN_ABOUT_RETURN_TYPE = YES_ERROR;
				GCC_WARN_UNDECLARED_SELECTOR = YES;
				GCC_WARN_UNINITIALIZED_AUTOS = YES_AGGRESSIVE;
				GCC_WARN_UNUSED_FUNCTION = YES;
				GCC_WARN_UNUSED_VARIABLE = YES;
				MTL_ENABLE_DEBUG_INFO = NO;
				MTL_FAST_MATH = YES;
			};
			name = Release;
		};
		D440880B253D2DD1009713A3 /* Debug */ = {
			isa = XCBuildConfiguration;
			buildSettings = {
				CODE_SIGN_STYLE = Automatic;
				INFOPLIST_FILE = DateTime/Info.plist;
				MACOSX_DEPLOYMENT_TARGET = 10.15;
				OTHER_CPLUSPLUSFLAGS = (
					"$(OTHER_CFLAGS)",
					"-I/usr/local/lib/wx/include/osx_cocoa-unicode-3.0",
					"-I/usr/local/include/wx-3.0",
					"-D_FILE_OFFSET_BITS=64",
					"-DWXUSINGDLL",
					"-D__WXMAC__",
					"-D__WXOSX__",
					"-D__WXOSX_COCOA__",
					"-I/usr/local/include",
				);
				OTHER_LDFLAGS = (
					"-L/usr/local/lib",
					"-framework",
					IOKit,
					"-framework",
					Carbon,
					"-framework",
					AudioToolbox,
					"-framework",
					System,
					"-framework",
					OpenGL,
					"-lwx_osx_cocoau_xrc-3.0",
					"-lwx_osx_cocoau_html-3.0",
					"-lwx_osx_cocoau_qa-3.0",
					"-lwx_osx_cocoau_adv-3.0",
					"-lwx_osx_cocoau_core-3.0",
					"-lwx_baseu_xml-3.0",
					"-lwx_baseu_net-3.0",
					"-lwx_baseu-3.0",
					"-lcurl",
				);
				PRODUCT_BUNDLE_IDENTIFIER = Capstone.DateTime;
				PRODUCT_NAME = "$(TARGET_NAME)";
			};
			name = Debug;
		};
		D440880C253D2DD1009713A3 /* Release */ = {
			isa = XCBuildConfiguration;
			buildSettings = {
				CODE_SIGN_STYLE = Automatic;
				INFOPLIST_FILE = DateTime/Info.plist;
				MACOSX_DEPLOYMENT_TARGET = 10.15;
				OTHER_CPLUSPLUSFLAGS = (
					"$(OTHER_CFLAGS)",
					"-I/usr/local/lib/wx/include/osx_cocoa-unicode-3.0",
					"-I/usr/local/include/wx-3.0",
					"-D_FILE_OFFSET_BITS=64",
					"-DWXUSINGDLL",
					"-D__WXMAC__",
					"-D__WXOSX__",
					"-D__WXOSX_COCOA__",
					"-I/usr/local/include",
				);
				OTHER_LDFLAGS = (
					"-L/usr/local/lib",
					"-framework",
					IOKit,
					"-framework",
					Carbon,
					"-framework",
					AudioToolbox,
					"-framework",
					System,
					"-framework",
					OpenGL,
					"-lwx_osx_cocoau_xrc-3.0",
					"-lwx_osx_cocoau_html-3.0",
					"-lwx_osx_cocoau_qa-3.0",
					"-lwx_osx_cocoau_adv-3.0",
					"-lwx_osx_cocoau_core-3.0",
					"-lwx_baseu_xml-3.0",
					"-lwx_baseu_net-3.0",
					"-lwx_baseu-3.0",
					"-lcurl",
				);
				PRODUCT_BUNDLE_IDENTIFIER = Capstone.DateTime;
				PRODUCT_NAME = "$(TARGET_NAME)";
			};
			name = Release;
		};
/* End XCBuildConfiguration section */

/* Begin XCConfigurationList section */
		D44087F4253D2DD1009713A3 /* Build configuration list for PBXProject "DateTime" */ = {
			isa = XCConfigurationList;
			buildConfigurations = (
				D4408808253D2DD1009713A3 /* Debug */,
				D4408809253D2DD1009713A3 /* Release */,
			);
			defaultConfigurationIsVisible = 0;
			defaultConfigurationName = Release;
		};
		D440880A253D2DD1009713A3 /* Build configuration list for PBXNativeTarget "DateTime" */ = {
			isa = XCConfigurationList;
			buildConfigurations = (
				D440880B253D2DD1009713A3 /* Debug */,
				D440880C253D2DD1009713A3 /* Release */,
			);
			defaultConfigurationIsVisible = 0;
			defaultConfigurationName = Release;
		};
/* End XCConfigurationList section */
	};
	rootObject = D44087F1253D2DD1009713A3 /* Project object */;
}
